
Microsoft Visual Studio Solution File, Format Version 12.00
# Visual Studio 14
VisualStudioVersion = 14.0.23107.0
MinimumVisualStudioVersion = 10.0.40219.1
Project("{FAE04EC0-301F-11D3-BF4B-00C04F79EFBC}") = "DashBoard", "DashBoard\DashBoard.csproj", "{8E1EDE16-B105-4090-A94B-01C8F2B9F1B2}"
EndProject
Project("{FAE04EC0-301F-11D3-BF4B-00C04F79EFBC}") = "Spielwiese", "Spielwiese\Spielwiese.csproj", "{CFDAB476-3961-41FC-A924-D9778F604996}"
EndProject
Global
	GlobalSection(SolutionConfigurationPlatforms) = preSolution
		Debug|Any CPU = Debug|Any CPU
		Release|Any CPU = Release|Any CPU
	EndGlobalSection
	GlobalSection(ProjectConfigurationPlatforms) = postSolution
		{8E1EDE16-B105-4090-A94B-01C8F2B9F1B2}.Debug|Any CPU.ActiveCfg = Debug|Any CPU
		{8E1EDE16-B105-4090-A94B-01C8F2B9F1B2}.Debug|Any CPU.Build.0 = Debug|Any CPU
		{8E1EDE16-B105-4090-A94B-01C8F2B9F1B2}.Release|Any CPU.ActiveCfg = Release|Any CPU
		{8E1EDE16-B105-4090-A94B-01C8F2B9F1B2}.Release|Any CPU.Build.0 = Release|Any CPU
		{CFDAB476-3961-41FC-A924-D9778F604996}.Debug|Any CPU.ActiveCfg = Debug|Any CPU
		{CFDAB476-3961-41FC-A924-D9778F604996}.Debug|Any CPU.Build.0 = Debug|Any CPU
		{CFDAB476-3961-41FC-A924-D9778F604996}.Release|Any CPU.ActiveCfg = Release|Any CPU
		{CFDAB476-3961-41FC-A924-D9778F604996}.Release|Any CPU.Build.0 = Release|Any CPU
	EndGlobalSection
	GlobalSection(SolutionProperties) = preSolution
		HideSolutionNode = FALSE
	EndGlobalSection
EndGlobal
