
Microsoft Visual Studio Solution File, Format Version 12.00
# Visual Studio 14
VisualStudioVersion = 14.0.23107.0
MinimumVisualStudioVersion = 10.0.40219.1
Project("{FAE04EC0-301F-11D3-BF4B-00C04F79EFBC}") = "DashBoard", "DashBoard\DashBoard.csproj", "{8E1EDE16-B105-4090-A94B-01C8F2B9F1B2}"
EndProject
Project("{FAE04EC0-301F-11D3-BF4B-00C04F79EFBC}") = "Playground", "Playground\Playground.csproj", "{C63D3298-7BA8-4171-88A3-152EF0820DB9}"
EndProject
Global
	GlobalSection(SolutionConfigurationPlatforms) = preSolution
		Debug|Any CPU = Debug|Any CPU
		Debug|x86 = Debug|x86
		Release|Any CPU = Release|Any CPU
		Release|x86 = Release|x86
	EndGlobalSection
	GlobalSection(ProjectConfigurationPlatforms) = postSolution
		{8E1EDE16-B105-4090-A94B-01C8F2B9F1B2}.Debug|Any CPU.ActiveCfg = Debug|Any CPU
		{8E1EDE16-B105-4090-A94B-01C8F2B9F1B2}.Debug|Any CPU.Build.0 = Debug|Any CPU
		{8E1EDE16-B105-4090-A94B-01C8F2B9F1B2}.Debug|x86.ActiveCfg = Debug|Any CPU
		{8E1EDE16-B105-4090-A94B-01C8F2B9F1B2}.Debug|x86.Build.0 = Debug|Any CPU
		{8E1EDE16-B105-4090-A94B-01C8F2B9F1B2}.Release|Any CPU.ActiveCfg = Release|Any CPU
		{8E1EDE16-B105-4090-A94B-01C8F2B9F1B2}.Release|Any CPU.Build.0 = Release|Any CPU
		{8E1EDE16-B105-4090-A94B-01C8F2B9F1B2}.Release|x86.ActiveCfg = Release|Any CPU
		{8E1EDE16-B105-4090-A94B-01C8F2B9F1B2}.Release|x86.Build.0 = Release|Any CPU
		{C63D3298-7BA8-4171-88A3-152EF0820DB9}.Debug|Any CPU.ActiveCfg = Debug|Any CPU
		{C63D3298-7BA8-4171-88A3-152EF0820DB9}.Debug|Any CPU.Build.0 = Debug|Any CPU
		{C63D3298-7BA8-4171-88A3-152EF0820DB9}.Debug|x86.ActiveCfg = Debug|Any CPU
		{C63D3298-7BA8-4171-88A3-152EF0820DB9}.Debug|x86.Build.0 = Debug|Any CPU
		{C63D3298-7BA8-4171-88A3-152EF0820DB9}.Release|Any CPU.ActiveCfg = Release|Any CPU
		{C63D3298-7BA8-4171-88A3-152EF0820DB9}.Release|Any CPU.Build.0 = Release|Any CPU
		{C63D3298-7BA8-4171-88A3-152EF0820DB9}.Release|x86.ActiveCfg = Release|Any CPU
		{C63D3298-7BA8-4171-88A3-152EF0820DB9}.Release|x86.Build.0 = Release|Any CPU
	EndGlobalSection
	GlobalSection(SolutionProperties) = preSolution
		HideSolutionNode = FALSE
	EndGlobalSection
EndGlobal
